
Microsoft Visual Studio Solution File, Format Version 12.00
# Visual Studio Version 17
VisualStudioVersion = 17.0.31903.59
MinimumVisualStudioVersion = 10.0.40219.1
Project("{2150E333-8FDC-42A3-9474-1A3956D46DE8}") = "src", "src", "{827E0CD3-B72D-47B6-A68D-7590B98EB39B}"
EndProject
Project("{FAE04EC0-301F-11D3-BF4B-00C04F79EFBC}") = "Honua.Server.Observability", "src\Honua.Server.Observability\Honua.Server.Observability.csproj", "{A6E1FE29-73D0-478A-A4BA-59718C8C713D}"
EndProject
Project("{FAE04EC0-301F-11D3-BF4B-00C04F79EFBC}") = "Honua.Server.Core", "src\Honua.Server.Core\Honua.Server.Core.csproj", "{C889EEE8-CD98-437C-847B-5FEF1422299C}"
EndProject
Project("{FAE04EC0-301F-11D3-BF4B-00C04F79EFBC}") = "Honua.Server.Host", "src\Honua.Server.Host\Honua.Server.Host.csproj", "{30DBF056-49CA-4DC8-AE2A-2EC8867A905B}"
EndProject
Project("{FAE04EC0-301F-11D3-BF4B-00C04F79EFBC}") = "Honua.Server.Gateway", "src\Honua.Server.Gateway\Honua.Server.Gateway.csproj", "{17B1701A-EBCE-4C45-87A9-0705267ACBD7}"
EndProject
Project("{FAE04EC0-301F-11D3-BF4B-00C04F79EFBC}") = "Honua.Admin.Blazor", "src\Honua.Admin.Blazor\Honua.Admin.Blazor.csproj", "{12947F7B-885F-4DB6-864E-EAC07766BC13}"
EndProject
Project("{FAE04EC0-301F-11D3-BF4B-00C04F79EFBC}") = "Honua.Cli", "src\Honua.Cli\Honua.Cli.csproj", "{C6553B71-678D-464C-A1D3-77A6E8D8C95B}"
EndProject
Project("{FAE04EC0-301F-11D3-BF4B-00C04F79EFBC}") = "Honua.Server.Core.Cloud", "src\Honua.Server.Core.Cloud\Honua.Server.Core.Cloud.csproj", "{71B74707-B7E4-40D4-8A93-8DEF5DE26F1F}"
EndProject
Project("{FAE04EC0-301F-11D3-BF4B-00C04F79EFBC}") = "Honua.Cli.AI", "src\Honua.Cli.AI\Honua.Cli.AI.csproj", "{D1A15988-EAF9-4B43-B42B-A053276E717E}"
EndProject
Project("{FAE04EC0-301F-11D3-BF4B-00C04F79EFBC}") = "Honua.Server.Intake", "src\Honua.Server.Intake\Honua.Server.Intake.csproj", "{291E3F67-6192-4BED-90C0-AA9D0BA24E28}"
EndProject
Project("{FAE04EC0-301F-11D3-BF4B-00C04F79EFBC}") = "Honua.Server.Core.OData", "src\Honua.Server.Core.OData\Honua.Server.Core.OData.csproj", "{D6169288-C1E2-43C3-9B73-CCAC6D0468ED}"
EndProject
Project("{FAE04EC0-301F-11D3-BF4B-00C04F79EFBC}") = "Honua.Server.Enterprise", "src\Honua.Server.Enterprise\Honua.Server.Enterprise.csproj", "{D5A98CC2-B907-4CCF-9C02-1D6A98C63B03}"
EndProject
Project("{2150E333-8FDC-42A3-9474-1A3956D46DE8}") = "Enterprise-IoT", "Enterprise-IoT", "{C95F859A-943A-AAF5-9C29-9CA34A989777}"
EndProject
Project("{2150E333-8FDC-42A3-9474-1A3956D46DE8}") = "IoT", "IoT", "{39FB1D2B-680A-0482-38D6-117C975C081E}"
EndProject
Project("{2150E333-8FDC-42A3-9474-1A3956D46DE8}") = "Azure", "Azure", "{41372820-69DC-CD9D-9B22-405944B6C4B1}"
EndProject
Project("{FAE04EC0-301F-11D3-BF4B-00C04F79EFBC}") = "Honua.Integration.Azure", "src\Honua.Server.Enterprise\IoT\Azure\Honua.Integration.Azure.csproj", "{57F1210D-754A-494E-AB33-1498F0B22D9E}"
EndProject
Project("{FAE04EC0-301F-11D3-BF4B-00C04F79EFBC}") = "Honua.Server.AlertReceiver", "src\Honua.Server.AlertReceiver\Honua.Server.AlertReceiver.csproj", "{BA9741D8-7CAF-43D9-8E81-F9CB0EEA25F8}"
EndProject
Project("{FAE04EC0-301F-11D3-BF4B-00C04F79EFBC}") = "Honua.Server.Core.Raster", "src\Honua.Server.Core.Raster\Honua.Server.Core.Raster.csproj", "{0B2DECA9-A36B-4E03-8E26-63E19A7A1F51}"
EndProject
Project("{FAE04EC0-301F-11D3-BF4B-00C04F79EFBC}") = "Honua.MapSDK", "src\Honua.MapSDK\Honua.MapSDK.csproj", "{1AA947BE-A823-4F90-B4F0-6D1AF04EBD02}"
EndProject
Project("{FAE04EC0-301F-11D3-BF4B-00C04F79EFBC}") = "Honua.Server.SaaS", "src\Honua.Server.SaaS\Honua.Server.SaaS.csproj", "{042D69F5-7A78-40E5-BFBB-0230D82CD9EA}"
EndProject
Project("{2150E333-8FDC-42A3-9474-1A3956D46DE8}") = "benchmarks", "benchmarks", "{66320409-64EC-F7C5-3DEF-65E7510DAAD1}"
EndProject
Project("{FAE04EC0-301F-11D3-BF4B-00C04F79EFBC}") = "Honua.Benchmarks", "benchmarks\Honua.Benchmarks\Honua.Benchmarks.csproj", "{1F7CB962-3BDA-402F-9025-B9D6857BFCE1}"
EndProject
Project("{2150E333-8FDC-42A3-9474-1A3956D46DE8}") = "tests", "tests", "{0AB3BF05-4346-4AA6-1389-037BE0695223}"
EndProject
Project("{FAE04EC0-301F-11D3-BF4B-00C04F79EFBC}") = "Honua.Server.Core.Tests.Apis", "tests\Honua.Server.Core.Tests.Apis\Honua.Server.Core.Tests.Apis.csproj", "{20A9BFB0-EE84-474C-834B-C405B1AF273F}"
EndProject
Project("{FAE04EC0-301F-11D3-BF4B-00C04F79EFBC}") = "Honua.Server.Core.Tests.Security", "tests\Honua.Server.Core.Tests.Security\Honua.Server.Core.Tests.Security.csproj", "{D98C90C6-0574-40BE-A262-C01B3737F4A8}"
EndProject
Project("{FAE04EC0-301F-11D3-BF4B-00C04F79EFBC}") = "Honua.Server.Core.Tests", "tests\Honua.Server.Core.Tests\Honua.Server.Core.Tests.csproj", "{875D78F4-B72B-4541-9401-4F353012B0AF}"
EndProject
Project("{FAE04EC0-301F-11D3-BF4B-00C04F79EFBC}") = "Honua.Server.Enterprise.Tests", "tests\Honua.Server.Enterprise.Tests\Honua.Server.Enterprise.Tests.csproj", "{28E5DA7E-E3F6-4470-BA41-1D222E735D4E}"
EndProject
Project("{FAE04EC0-301F-11D3-BF4B-00C04F79EFBC}") = "Honua.Server.Core.Tests.Data", "tests\Honua.Server.Core.Tests.Data\Honua.Server.Core.Tests.Data.csproj", "{E789B03E-5BA4-42D6-8FAF-F66CDD475A6A}"
EndProject
Global
	GlobalSection(SolutionConfigurationPlatforms) = preSolution
		Debug|Any CPU = Debug|Any CPU
		Debug|x64 = Debug|x64
		Debug|x86 = Debug|x86
		Release|Any CPU = Release|Any CPU
		Release|x64 = Release|x64
		Release|x86 = Release|x86
	EndGlobalSection
	GlobalSection(ProjectConfigurationPlatforms) = postSolution
		{A6E1FE29-73D0-478A-A4BA-59718C8C713D}.Debug|Any CPU.ActiveCfg = Debug|Any CPU
		{A6E1FE29-73D0-478A-A4BA-59718C8C713D}.Debug|Any CPU.Build.0 = Debug|Any CPU
		{A6E1FE29-73D0-478A-A4BA-59718C8C713D}.Debug|x64.ActiveCfg = Debug|Any CPU
		{A6E1FE29-73D0-478A-A4BA-59718C8C713D}.Debug|x64.Build.0 = Debug|Any CPU
		{A6E1FE29-73D0-478A-A4BA-59718C8C713D}.Debug|x86.ActiveCfg = Debug|Any CPU
		{A6E1FE29-73D0-478A-A4BA-59718C8C713D}.Debug|x86.Build.0 = Debug|Any CPU
		{A6E1FE29-73D0-478A-A4BA-59718C8C713D}.Release|Any CPU.ActiveCfg = Release|Any CPU
		{A6E1FE29-73D0-478A-A4BA-59718C8C713D}.Release|Any CPU.Build.0 = Release|Any CPU
		{A6E1FE29-73D0-478A-A4BA-59718C8C713D}.Release|x64.ActiveCfg = Release|Any CPU
		{A6E1FE29-73D0-478A-A4BA-59718C8C713D}.Release|x64.Build.0 = Release|Any CPU
		{A6E1FE29-73D0-478A-A4BA-59718C8C713D}.Release|x86.ActiveCfg = Release|Any CPU
		{A6E1FE29-73D0-478A-A4BA-59718C8C713D}.Release|x86.Build.0 = Release|Any CPU
		{C889EEE8-CD98-437C-847B-5FEF1422299C}.Debug|Any CPU.ActiveCfg = Debug|Any CPU
		{C889EEE8-CD98-437C-847B-5FEF1422299C}.Debug|Any CPU.Build.0 = Debug|Any CPU
		{C889EEE8-CD98-437C-847B-5FEF1422299C}.Debug|x64.ActiveCfg = Debug|Any CPU
		{C889EEE8-CD98-437C-847B-5FEF1422299C}.Debug|x64.Build.0 = Debug|Any CPU
		{C889EEE8-CD98-437C-847B-5FEF1422299C}.Debug|x86.ActiveCfg = Debug|Any CPU
		{C889EEE8-CD98-437C-847B-5FEF1422299C}.Debug|x86.Build.0 = Debug|Any CPU
		{C889EEE8-CD98-437C-847B-5FEF1422299C}.Release|Any CPU.ActiveCfg = Release|Any CPU
		{C889EEE8-CD98-437C-847B-5FEF1422299C}.Release|Any CPU.Build.0 = Release|Any CPU
		{C889EEE8-CD98-437C-847B-5FEF1422299C}.Release|x64.ActiveCfg = Release|Any CPU
		{C889EEE8-CD98-437C-847B-5FEF1422299C}.Release|x64.Build.0 = Release|Any CPU
		{C889EEE8-CD98-437C-847B-5FEF1422299C}.Release|x86.ActiveCfg = Release|Any CPU
		{C889EEE8-CD98-437C-847B-5FEF1422299C}.Release|x86.Build.0 = Release|Any CPU
		{30DBF056-49CA-4DC8-AE2A-2EC8867A905B}.Debug|Any CPU.ActiveCfg = Debug|Any CPU
		{30DBF056-49CA-4DC8-AE2A-2EC8867A905B}.Debug|Any CPU.Build.0 = Debug|Any CPU
		{30DBF056-49CA-4DC8-AE2A-2EC8867A905B}.Debug|x64.ActiveCfg = Debug|Any CPU
		{30DBF056-49CA-4DC8-AE2A-2EC8867A905B}.Debug|x64.Build.0 = Debug|Any CPU
		{30DBF056-49CA-4DC8-AE2A-2EC8867A905B}.Debug|x86.ActiveCfg = Debug|Any CPU
		{30DBF056-49CA-4DC8-AE2A-2EC8867A905B}.Debug|x86.Build.0 = Debug|Any CPU
		{30DBF056-49CA-4DC8-AE2A-2EC8867A905B}.Release|Any CPU.ActiveCfg = Release|Any CPU
		{30DBF056-49CA-4DC8-AE2A-2EC8867A905B}.Release|Any CPU.Build.0 = Release|Any CPU
		{30DBF056-49CA-4DC8-AE2A-2EC8867A905B}.Release|x64.ActiveCfg = Release|Any CPU
		{30DBF056-49CA-4DC8-AE2A-2EC8867A905B}.Release|x64.Build.0 = Release|Any CPU
		{30DBF056-49CA-4DC8-AE2A-2EC8867A905B}.Release|x86.ActiveCfg = Release|Any CPU
		{30DBF056-49CA-4DC8-AE2A-2EC8867A905B}.Release|x86.Build.0 = Release|Any CPU
		{17B1701A-EBCE-4C45-87A9-0705267ACBD7}.Debug|Any CPU.ActiveCfg = Debug|Any CPU
		{17B1701A-EBCE-4C45-87A9-0705267ACBD7}.Debug|Any CPU.Build.0 = Debug|Any CPU
		{17B1701A-EBCE-4C45-87A9-0705267ACBD7}.Debug|x64.ActiveCfg = Debug|Any CPU
		{17B1701A-EBCE-4C45-87A9-0705267ACBD7}.Debug|x64.Build.0 = Debug|Any CPU
		{17B1701A-EBCE-4C45-87A9-0705267ACBD7}.Debug|x86.ActiveCfg = Debug|Any CPU
		{17B1701A-EBCE-4C45-87A9-0705267ACBD7}.Debug|x86.Build.0 = Debug|Any CPU
		{17B1701A-EBCE-4C45-87A9-0705267ACBD7}.Release|Any CPU.ActiveCfg = Release|Any CPU
		{17B1701A-EBCE-4C45-87A9-0705267ACBD7}.Release|Any CPU.Build.0 = Release|Any CPU
		{17B1701A-EBCE-4C45-87A9-0705267ACBD7}.Release|x64.ActiveCfg = Release|Any CPU
		{17B1701A-EBCE-4C45-87A9-0705267ACBD7}.Release|x64.Build.0 = Release|Any CPU
		{17B1701A-EBCE-4C45-87A9-0705267ACBD7}.Release|x86.ActiveCfg = Release|Any CPU
		{17B1701A-EBCE-4C45-87A9-0705267ACBD7}.Release|x86.Build.0 = Release|Any CPU
		{12947F7B-885F-4DB6-864E-EAC07766BC13}.Debug|Any CPU.ActiveCfg = Debug|Any CPU
		{12947F7B-885F-4DB6-864E-EAC07766BC13}.Debug|Any CPU.Build.0 = Debug|Any CPU
		{12947F7B-885F-4DB6-864E-EAC07766BC13}.Debug|x64.ActiveCfg = Debug|Any CPU
		{12947F7B-885F-4DB6-864E-EAC07766BC13}.Debug|x64.Build.0 = Debug|Any CPU
		{12947F7B-885F-4DB6-864E-EAC07766BC13}.Debug|x86.ActiveCfg = Debug|Any CPU
		{12947F7B-885F-4DB6-864E-EAC07766BC13}.Debug|x86.Build.0 = Debug|Any CPU
		{12947F7B-885F-4DB6-864E-EAC07766BC13}.Release|Any CPU.ActiveCfg = Release|Any CPU
		{12947F7B-885F-4DB6-864E-EAC07766BC13}.Release|Any CPU.Build.0 = Release|Any CPU
		{12947F7B-885F-4DB6-864E-EAC07766BC13}.Release|x64.ActiveCfg = Release|Any CPU
		{12947F7B-885F-4DB6-864E-EAC07766BC13}.Release|x64.Build.0 = Release|Any CPU
		{12947F7B-885F-4DB6-864E-EAC07766BC13}.Release|x86.ActiveCfg = Release|Any CPU
		{12947F7B-885F-4DB6-864E-EAC07766BC13}.Release|x86.Build.0 = Release|Any CPU
		{C6553B71-678D-464C-A1D3-77A6E8D8C95B}.Debug|Any CPU.ActiveCfg = Debug|Any CPU
		{C6553B71-678D-464C-A1D3-77A6E8D8C95B}.Debug|Any CPU.Build.0 = Debug|Any CPU
		{C6553B71-678D-464C-A1D3-77A6E8D8C95B}.Debug|x64.ActiveCfg = Debug|Any CPU
		{C6553B71-678D-464C-A1D3-77A6E8D8C95B}.Debug|x64.Build.0 = Debug|Any CPU
		{C6553B71-678D-464C-A1D3-77A6E8D8C95B}.Debug|x86.ActiveCfg = Debug|Any CPU
		{C6553B71-678D-464C-A1D3-77A6E8D8C95B}.Debug|x86.Build.0 = Debug|Any CPU
		{C6553B71-678D-464C-A1D3-77A6E8D8C95B}.Release|Any CPU.ActiveCfg = Release|Any CPU
		{C6553B71-678D-464C-A1D3-77A6E8D8C95B}.Release|Any CPU.Build.0 = Release|Any CPU
		{C6553B71-678D-464C-A1D3-77A6E8D8C95B}.Release|x64.ActiveCfg = Release|Any CPU
		{C6553B71-678D-464C-A1D3-77A6E8D8C95B}.Release|x64.Build.0 = Release|Any CPU
		{C6553B71-678D-464C-A1D3-77A6E8D8C95B}.Release|x86.ActiveCfg = Release|Any CPU
		{C6553B71-678D-464C-A1D3-77A6E8D8C95B}.Release|x86.Build.0 = Release|Any CPU
		{71B74707-B7E4-40D4-8A93-8DEF5DE26F1F}.Debug|Any CPU.ActiveCfg = Debug|Any CPU
		{71B74707-B7E4-40D4-8A93-8DEF5DE26F1F}.Debug|Any CPU.Build.0 = Debug|Any CPU
		{71B74707-B7E4-40D4-8A93-8DEF5DE26F1F}.Debug|x64.ActiveCfg = Debug|Any CPU
		{71B74707-B7E4-40D4-8A93-8DEF5DE26F1F}.Debug|x64.Build.0 = Debug|Any CPU
		{71B74707-B7E4-40D4-8A93-8DEF5DE26F1F}.Debug|x86.ActiveCfg = Debug|Any CPU
		{71B74707-B7E4-40D4-8A93-8DEF5DE26F1F}.Debug|x86.Build.0 = Debug|Any CPU
		{71B74707-B7E4-40D4-8A93-8DEF5DE26F1F}.Release|Any CPU.ActiveCfg = Release|Any CPU
		{71B74707-B7E4-40D4-8A93-8DEF5DE26F1F}.Release|Any CPU.Build.0 = Release|Any CPU
		{71B74707-B7E4-40D4-8A93-8DEF5DE26F1F}.Release|x64.ActiveCfg = Release|Any CPU
		{71B74707-B7E4-40D4-8A93-8DEF5DE26F1F}.Release|x64.Build.0 = Release|Any CPU
		{71B74707-B7E4-40D4-8A93-8DEF5DE26F1F}.Release|x86.ActiveCfg = Release|Any CPU
		{71B74707-B7E4-40D4-8A93-8DEF5DE26F1F}.Release|x86.Build.0 = Release|Any CPU
		{D1A15988-EAF9-4B43-B42B-A053276E717E}.Debug|Any CPU.ActiveCfg = Debug|Any CPU
		{D1A15988-EAF9-4B43-B42B-A053276E717E}.Debug|Any CPU.Build.0 = Debug|Any CPU
		{D1A15988-EAF9-4B43-B42B-A053276E717E}.Debug|x64.ActiveCfg = Debug|Any CPU
		{D1A15988-EAF9-4B43-B42B-A053276E717E}.Debug|x64.Build.0 = Debug|Any CPU
		{D1A15988-EAF9-4B43-B42B-A053276E717E}.Debug|x86.ActiveCfg = Debug|Any CPU
		{D1A15988-EAF9-4B43-B42B-A053276E717E}.Debug|x86.Build.0 = Debug|Any CPU
		{D1A15988-EAF9-4B43-B42B-A053276E717E}.Release|Any CPU.ActiveCfg = Release|Any CPU
		{D1A15988-EAF9-4B43-B42B-A053276E717E}.Release|Any CPU.Build.0 = Release|Any CPU
		{D1A15988-EAF9-4B43-B42B-A053276E717E}.Release|x64.ActiveCfg = Release|Any CPU
		{D1A15988-EAF9-4B43-B42B-A053276E717E}.Release|x64.Build.0 = Release|Any CPU
		{D1A15988-EAF9-4B43-B42B-A053276E717E}.Release|x86.ActiveCfg = Release|Any CPU
		{D1A15988-EAF9-4B43-B42B-A053276E717E}.Release|x86.Build.0 = Release|Any CPU
		{291E3F67-6192-4BED-90C0-AA9D0BA24E28}.Debug|Any CPU.ActiveCfg = Debug|Any CPU
		{291E3F67-6192-4BED-90C0-AA9D0BA24E28}.Debug|Any CPU.Build.0 = Debug|Any CPU
		{291E3F67-6192-4BED-90C0-AA9D0BA24E28}.Debug|x64.ActiveCfg = Debug|Any CPU
		{291E3F67-6192-4BED-90C0-AA9D0BA24E28}.Debug|x64.Build.0 = Debug|Any CPU
		{291E3F67-6192-4BED-90C0-AA9D0BA24E28}.Debug|x86.ActiveCfg = Debug|Any CPU
		{291E3F67-6192-4BED-90C0-AA9D0BA24E28}.Debug|x86.Build.0 = Debug|Any CPU
		{291E3F67-6192-4BED-90C0-AA9D0BA24E28}.Release|Any CPU.ActiveCfg = Release|Any CPU
		{291E3F67-6192-4BED-90C0-AA9D0BA24E28}.Release|Any CPU.Build.0 = Release|Any CPU
		{291E3F67-6192-4BED-90C0-AA9D0BA24E28}.Release|x64.ActiveCfg = Release|Any CPU
		{291E3F67-6192-4BED-90C0-AA9D0BA24E28}.Release|x64.Build.0 = Release|Any CPU
		{291E3F67-6192-4BED-90C0-AA9D0BA24E28}.Release|x86.ActiveCfg = Release|Any CPU
		{291E3F67-6192-4BED-90C0-AA9D0BA24E28}.Release|x86.Build.0 = Release|Any CPU
		{D6169288-C1E2-43C3-9B73-CCAC6D0468ED}.Debug|Any CPU.ActiveCfg = Debug|Any CPU
		{D6169288-C1E2-43C3-9B73-CCAC6D0468ED}.Debug|Any CPU.Build.0 = Debug|Any CPU
		{D6169288-C1E2-43C3-9B73-CCAC6D0468ED}.Debug|x64.ActiveCfg = Debug|Any CPU
		{D6169288-C1E2-43C3-9B73-CCAC6D0468ED}.Debug|x64.Build.0 = Debug|Any CPU
		{D6169288-C1E2-43C3-9B73-CCAC6D0468ED}.Debug|x86.ActiveCfg = Debug|Any CPU
		{D6169288-C1E2-43C3-9B73-CCAC6D0468ED}.Debug|x86.Build.0 = Debug|Any CPU
		{D6169288-C1E2-43C3-9B73-CCAC6D0468ED}.Release|Any CPU.ActiveCfg = Release|Any CPU
		{D6169288-C1E2-43C3-9B73-CCAC6D0468ED}.Release|Any CPU.Build.0 = Release|Any CPU
		{D6169288-C1E2-43C3-9B73-CCAC6D0468ED}.Release|x64.ActiveCfg = Release|Any CPU
		{D6169288-C1E2-43C3-9B73-CCAC6D0468ED}.Release|x64.Build.0 = Release|Any CPU
		{D6169288-C1E2-43C3-9B73-CCAC6D0468ED}.Release|x86.ActiveCfg = Release|Any CPU
		{D6169288-C1E2-43C3-9B73-CCAC6D0468ED}.Release|x86.Build.0 = Release|Any CPU
		{D5A98CC2-B907-4CCF-9C02-1D6A98C63B03}.Debug|Any CPU.ActiveCfg = Debug|Any CPU
		{D5A98CC2-B907-4CCF-9C02-1D6A98C63B03}.Debug|Any CPU.Build.0 = Debug|Any CPU
		{D5A98CC2-B907-4CCF-9C02-1D6A98C63B03}.Debug|x64.ActiveCfg = Debug|Any CPU
		{D5A98CC2-B907-4CCF-9C02-1D6A98C63B03}.Debug|x64.Build.0 = Debug|Any CPU
		{D5A98CC2-B907-4CCF-9C02-1D6A98C63B03}.Debug|x86.ActiveCfg = Debug|Any CPU
		{D5A98CC2-B907-4CCF-9C02-1D6A98C63B03}.Debug|x86.Build.0 = Debug|Any CPU
		{D5A98CC2-B907-4CCF-9C02-1D6A98C63B03}.Release|Any CPU.ActiveCfg = Release|Any CPU
		{D5A98CC2-B907-4CCF-9C02-1D6A98C63B03}.Release|Any CPU.Build.0 = Release|Any CPU
		{D5A98CC2-B907-4CCF-9C02-1D6A98C63B03}.Release|x64.ActiveCfg = Release|Any CPU
		{D5A98CC2-B907-4CCF-9C02-1D6A98C63B03}.Release|x64.Build.0 = Release|Any CPU
		{D5A98CC2-B907-4CCF-9C02-1D6A98C63B03}.Release|x86.ActiveCfg = Release|Any CPU
		{D5A98CC2-B907-4CCF-9C02-1D6A98C63B03}.Release|x86.Build.0 = Release|Any CPU
		{57F1210D-754A-494E-AB33-1498F0B22D9E}.Debug|Any CPU.ActiveCfg = Debug|Any CPU
		{57F1210D-754A-494E-AB33-1498F0B22D9E}.Debug|Any CPU.Build.0 = Debug|Any CPU
		{57F1210D-754A-494E-AB33-1498F0B22D9E}.Debug|x64.ActiveCfg = Debug|Any CPU
		{57F1210D-754A-494E-AB33-1498F0B22D9E}.Debug|x64.Build.0 = Debug|Any CPU
		{57F1210D-754A-494E-AB33-1498F0B22D9E}.Debug|x86.ActiveCfg = Debug|Any CPU
		{57F1210D-754A-494E-AB33-1498F0B22D9E}.Debug|x86.Build.0 = Debug|Any CPU
		{57F1210D-754A-494E-AB33-1498F0B22D9E}.Release|Any CPU.ActiveCfg = Release|Any CPU
		{57F1210D-754A-494E-AB33-1498F0B22D9E}.Release|Any CPU.Build.0 = Release|Any CPU
		{57F1210D-754A-494E-AB33-1498F0B22D9E}.Release|x64.ActiveCfg = Release|Any CPU
		{57F1210D-754A-494E-AB33-1498F0B22D9E}.Release|x64.Build.0 = Release|Any CPU
		{57F1210D-754A-494E-AB33-1498F0B22D9E}.Release|x86.ActiveCfg = Release|Any CPU
		{57F1210D-754A-494E-AB33-1498F0B22D9E}.Release|x86.Build.0 = Release|Any CPU
		{BA9741D8-7CAF-43D9-8E81-F9CB0EEA25F8}.Debug|Any CPU.ActiveCfg = Debug|Any CPU
		{BA9741D8-7CAF-43D9-8E81-F9CB0EEA25F8}.Debug|Any CPU.Build.0 = Debug|Any CPU
		{BA9741D8-7CAF-43D9-8E81-F9CB0EEA25F8}.Debug|x64.ActiveCfg = Debug|Any CPU
		{BA9741D8-7CAF-43D9-8E81-F9CB0EEA25F8}.Debug|x64.Build.0 = Debug|Any CPU
		{BA9741D8-7CAF-43D9-8E81-F9CB0EEA25F8}.Debug|x86.ActiveCfg = Debug|Any CPU
		{BA9741D8-7CAF-43D9-8E81-F9CB0EEA25F8}.Debug|x86.Build.0 = Debug|Any CPU
		{BA9741D8-7CAF-43D9-8E81-F9CB0EEA25F8}.Release|Any CPU.ActiveCfg = Release|Any CPU
		{BA9741D8-7CAF-43D9-8E81-F9CB0EEA25F8}.Release|Any CPU.Build.0 = Release|Any CPU
		{BA9741D8-7CAF-43D9-8E81-F9CB0EEA25F8}.Release|x64.ActiveCfg = Release|Any CPU
		{BA9741D8-7CAF-43D9-8E81-F9CB0EEA25F8}.Release|x64.Build.0 = Release|Any CPU
		{BA9741D8-7CAF-43D9-8E81-F9CB0EEA25F8}.Release|x86.ActiveCfg = Release|Any CPU
		{BA9741D8-7CAF-43D9-8E81-F9CB0EEA25F8}.Release|x86.Build.0 = Release|Any CPU
		{0B2DECA9-A36B-4E03-8E26-63E19A7A1F51}.Debug|Any CPU.ActiveCfg = Debug|Any CPU
		{0B2DECA9-A36B-4E03-8E26-63E19A7A1F51}.Debug|Any CPU.Build.0 = Debug|Any CPU
		{0B2DECA9-A36B-4E03-8E26-63E19A7A1F51}.Debug|x64.ActiveCfg = Debug|Any CPU
		{0B2DECA9-A36B-4E03-8E26-63E19A7A1F51}.Debug|x64.Build.0 = Debug|Any CPU
		{0B2DECA9-A36B-4E03-8E26-63E19A7A1F51}.Debug|x86.ActiveCfg = Debug|Any CPU
		{0B2DECA9-A36B-4E03-8E26-63E19A7A1F51}.Debug|x86.Build.0 = Debug|Any CPU
		{0B2DECA9-A36B-4E03-8E26-63E19A7A1F51}.Release|Any CPU.ActiveCfg = Release|Any CPU
		{0B2DECA9-A36B-4E03-8E26-63E19A7A1F51}.Release|Any CPU.Build.0 = Release|Any CPU
		{0B2DECA9-A36B-4E03-8E26-63E19A7A1F51}.Release|x64.ActiveCfg = Release|Any CPU
		{0B2DECA9-A36B-4E03-8E26-63E19A7A1F51}.Release|x64.Build.0 = Release|Any CPU
		{0B2DECA9-A36B-4E03-8E26-63E19A7A1F51}.Release|x86.ActiveCfg = Release|Any CPU
		{0B2DECA9-A36B-4E03-8E26-63E19A7A1F51}.Release|x86.Build.0 = Release|Any CPU
		{1AA947BE-A823-4F90-B4F0-6D1AF04EBD02}.Debug|Any CPU.ActiveCfg = Debug|Any CPU
		{1AA947BE-A823-4F90-B4F0-6D1AF04EBD02}.Debug|Any CPU.Build.0 = Debug|Any CPU
		{1AA947BE-A823-4F90-B4F0-6D1AF04EBD02}.Debug|x64.ActiveCfg = Debug|Any CPU
		{1AA947BE-A823-4F90-B4F0-6D1AF04EBD02}.Debug|x64.Build.0 = Debug|Any CPU
		{1AA947BE-A823-4F90-B4F0-6D1AF04EBD02}.Debug|x86.ActiveCfg = Debug|Any CPU
		{1AA947BE-A823-4F90-B4F0-6D1AF04EBD02}.Debug|x86.Build.0 = Debug|Any CPU
		{1AA947BE-A823-4F90-B4F0-6D1AF04EBD02}.Release|Any CPU.ActiveCfg = Release|Any CPU
		{1AA947BE-A823-4F90-B4F0-6D1AF04EBD02}.Release|Any CPU.Build.0 = Release|Any CPU
		{1AA947BE-A823-4F90-B4F0-6D1AF04EBD02}.Release|x64.ActiveCfg = Release|Any CPU
		{1AA947BE-A823-4F90-B4F0-6D1AF04EBD02}.Release|x64.Build.0 = Release|Any CPU
		{1AA947BE-A823-4F90-B4F0-6D1AF04EBD02}.Release|x86.ActiveCfg = Release|Any CPU
		{1AA947BE-A823-4F90-B4F0-6D1AF04EBD02}.Release|x86.Build.0 = Release|Any CPU
		{042D69F5-7A78-40E5-BFBB-0230D82CD9EA}.Debug|Any CPU.ActiveCfg = Debug|Any CPU
		{042D69F5-7A78-40E5-BFBB-0230D82CD9EA}.Debug|Any CPU.Build.0 = Debug|Any CPU
		{042D69F5-7A78-40E5-BFBB-0230D82CD9EA}.Debug|x64.ActiveCfg = Debug|Any CPU
		{042D69F5-7A78-40E5-BFBB-0230D82CD9EA}.Debug|x64.Build.0 = Debug|Any CPU
		{042D69F5-7A78-40E5-BFBB-0230D82CD9EA}.Debug|x86.ActiveCfg = Debug|Any CPU
		{042D69F5-7A78-40E5-BFBB-0230D82CD9EA}.Debug|x86.Build.0 = Debug|Any CPU
		{042D69F5-7A78-40E5-BFBB-0230D82CD9EA}.Release|Any CPU.ActiveCfg = Release|Any CPU
		{042D69F5-7A78-40E5-BFBB-0230D82CD9EA}.Release|Any CPU.Build.0 = Release|Any CPU
		{042D69F5-7A78-40E5-BFBB-0230D82CD9EA}.Release|x64.ActiveCfg = Release|Any CPU
		{042D69F5-7A78-40E5-BFBB-0230D82CD9EA}.Release|x64.Build.0 = Release|Any CPU
		{042D69F5-7A78-40E5-BFBB-0230D82CD9EA}.Release|x86.ActiveCfg = Release|Any CPU
		{042D69F5-7A78-40E5-BFBB-0230D82CD9EA}.Release|x86.Build.0 = Release|Any CPU
		{1F7CB962-3BDA-402F-9025-B9D6857BFCE1}.Debug|Any CPU.ActiveCfg = Debug|Any CPU
		{1F7CB962-3BDA-402F-9025-B9D6857BFCE1}.Debug|Any CPU.Build.0 = Debug|Any CPU
		{1F7CB962-3BDA-402F-9025-B9D6857BFCE1}.Debug|x64.ActiveCfg = Debug|Any CPU
		{1F7CB962-3BDA-402F-9025-B9D6857BFCE1}.Debug|x64.Build.0 = Debug|Any CPU
		{1F7CB962-3BDA-402F-9025-B9D6857BFCE1}.Debug|x86.ActiveCfg = Debug|Any CPU
		{1F7CB962-3BDA-402F-9025-B9D6857BFCE1}.Debug|x86.Build.0 = Debug|Any CPU
		{1F7CB962-3BDA-402F-9025-B9D6857BFCE1}.Release|Any CPU.ActiveCfg = Release|Any CPU
		{1F7CB962-3BDA-402F-9025-B9D6857BFCE1}.Release|Any CPU.Build.0 = Release|Any CPU
		{1F7CB962-3BDA-402F-9025-B9D6857BFCE1}.Release|x64.ActiveCfg = Release|Any CPU
		{1F7CB962-3BDA-402F-9025-B9D6857BFCE1}.Release|x64.Build.0 = Release|Any CPU
		{1F7CB962-3BDA-402F-9025-B9D6857BFCE1}.Release|x86.ActiveCfg = Release|Any CPU
		{1F7CB962-3BDA-402F-9025-B9D6857BFCE1}.Release|x86.Build.0 = Release|Any CPU
		{20A9BFB0-EE84-474C-834B-C405B1AF273F}.Debug|Any CPU.ActiveCfg = Debug|Any CPU
		{20A9BFB0-EE84-474C-834B-C405B1AF273F}.Debug|Any CPU.Build.0 = Debug|Any CPU
		{20A9BFB0-EE84-474C-834B-C405B1AF273F}.Debug|x64.ActiveCfg = Debug|Any CPU
		{20A9BFB0-EE84-474C-834B-C405B1AF273F}.Debug|x64.Build.0 = Debug|Any CPU
		{20A9BFB0-EE84-474C-834B-C405B1AF273F}.Debug|x86.ActiveCfg = Debug|Any CPU
		{20A9BFB0-EE84-474C-834B-C405B1AF273F}.Debug|x86.Build.0 = Debug|Any CPU
		{20A9BFB0-EE84-474C-834B-C405B1AF273F}.Release|Any CPU.ActiveCfg = Release|Any CPU
		{20A9BFB0-EE84-474C-834B-C405B1AF273F}.Release|Any CPU.Build.0 = Release|Any CPU
		{20A9BFB0-EE84-474C-834B-C405B1AF273F}.Release|x64.ActiveCfg = Release|Any CPU
		{20A9BFB0-EE84-474C-834B-C405B1AF273F}.Release|x64.Build.0 = Release|Any CPU
		{20A9BFB0-EE84-474C-834B-C405B1AF273F}.Release|x86.ActiveCfg = Release|Any CPU
		{20A9BFB0-EE84-474C-834B-C405B1AF273F}.Release|x86.Build.0 = Release|Any CPU
		{D98C90C6-0574-40BE-A262-C01B3737F4A8}.Debug|Any CPU.ActiveCfg = Debug|Any CPU
		{D98C90C6-0574-40BE-A262-C01B3737F4A8}.Debug|Any CPU.Build.0 = Debug|Any CPU
		{D98C90C6-0574-40BE-A262-C01B3737F4A8}.Debug|x64.ActiveCfg = Debug|Any CPU
		{D98C90C6-0574-40BE-A262-C01B3737F4A8}.Debug|x64.Build.0 = Debug|Any CPU
		{D98C90C6-0574-40BE-A262-C01B3737F4A8}.Debug|x86.ActiveCfg = Debug|Any CPU
		{D98C90C6-0574-40BE-A262-C01B3737F4A8}.Debug|x86.Build.0 = Debug|Any CPU
		{D98C90C6-0574-40BE-A262-C01B3737F4A8}.Release|Any CPU.ActiveCfg = Release|Any CPU
		{D98C90C6-0574-40BE-A262-C01B3737F4A8}.Release|Any CPU.Build.0 = Release|Any CPU
		{D98C90C6-0574-40BE-A262-C01B3737F4A8}.Release|x64.ActiveCfg = Release|Any CPU
		{D98C90C6-0574-40BE-A262-C01B3737F4A8}.Release|x64.Build.0 = Release|Any CPU
		{D98C90C6-0574-40BE-A262-C01B3737F4A8}.Release|x86.ActiveCfg = Release|Any CPU
		{D98C90C6-0574-40BE-A262-C01B3737F4A8}.Release|x86.Build.0 = Release|Any CPU
		{875D78F4-B72B-4541-9401-4F353012B0AF}.Debug|Any CPU.ActiveCfg = Debug|Any CPU
		{875D78F4-B72B-4541-9401-4F353012B0AF}.Debug|Any CPU.Build.0 = Debug|Any CPU
		{875D78F4-B72B-4541-9401-4F353012B0AF}.Debug|x64.ActiveCfg = Debug|Any CPU
		{875D78F4-B72B-4541-9401-4F353012B0AF}.Debug|x64.Build.0 = Debug|Any CPU
		{875D78F4-B72B-4541-9401-4F353012B0AF}.Debug|x86.ActiveCfg = Debug|Any CPU
		{875D78F4-B72B-4541-9401-4F353012B0AF}.Debug|x86.Build.0 = Debug|Any CPU
		{875D78F4-B72B-4541-9401-4F353012B0AF}.Release|Any CPU.ActiveCfg = Release|Any CPU
		{875D78F4-B72B-4541-9401-4F353012B0AF}.Release|Any CPU.Build.0 = Release|Any CPU
		{875D78F4-B72B-4541-9401-4F353012B0AF}.Release|x64.ActiveCfg = Release|Any CPU
		{875D78F4-B72B-4541-9401-4F353012B0AF}.Release|x64.Build.0 = Release|Any CPU
		{875D78F4-B72B-4541-9401-4F353012B0AF}.Release|x86.ActiveCfg = Release|Any CPU
		{875D78F4-B72B-4541-9401-4F353012B0AF}.Release|x86.Build.0 = Release|Any CPU
		{28E5DA7E-E3F6-4470-BA41-1D222E735D4E}.Debug|Any CPU.ActiveCfg = Debug|Any CPU
		{28E5DA7E-E3F6-4470-BA41-1D222E735D4E}.Debug|Any CPU.Build.0 = Debug|Any CPU
		{28E5DA7E-E3F6-4470-BA41-1D222E735D4E}.Debug|x64.ActiveCfg = Debug|Any CPU
		{28E5DA7E-E3F6-4470-BA41-1D222E735D4E}.Debug|x64.Build.0 = Debug|Any CPU
		{28E5DA7E-E3F6-4470-BA41-1D222E735D4E}.Debug|x86.ActiveCfg = Debug|Any CPU
		{28E5DA7E-E3F6-4470-BA41-1D222E735D4E}.Debug|x86.Build.0 = Debug|Any CPU
		{28E5DA7E-E3F6-4470-BA41-1D222E735D4E}.Release|Any CPU.ActiveCfg = Release|Any CPU
		{28E5DA7E-E3F6-4470-BA41-1D222E735D4E}.Release|Any CPU.Build.0 = Release|Any CPU
		{28E5DA7E-E3F6-4470-BA41-1D222E735D4E}.Release|x64.ActiveCfg = Release|Any CPU
		{28E5DA7E-E3F6-4470-BA41-1D222E735D4E}.Release|x64.Build.0 = Release|Any CPU
		{28E5DA7E-E3F6-4470-BA41-1D222E735D4E}.Release|x86.ActiveCfg = Release|Any CPU
		{28E5DA7E-E3F6-4470-BA41-1D222E735D4E}.Release|x86.Build.0 = Release|Any CPU
		{E789B03E-5BA4-42D6-8FAF-F66CDD475A6A}.Debug|Any CPU.ActiveCfg = Debug|Any CPU
		{E789B03E-5BA4-42D6-8FAF-F66CDD475A6A}.Debug|Any CPU.Build.0 = Debug|Any CPU
		{E789B03E-5BA4-42D6-8FAF-F66CDD475A6A}.Debug|x64.ActiveCfg = Debug|Any CPU
		{E789B03E-5BA4-42D6-8FAF-F66CDD475A6A}.Debug|x64.Build.0 = Debug|Any CPU
		{E789B03E-5BA4-42D6-8FAF-F66CDD475A6A}.Debug|x86.ActiveCfg = Debug|Any CPU
		{E789B03E-5BA4-42D6-8FAF-F66CDD475A6A}.Debug|x86.Build.0 = Debug|Any CPU
		{E789B03E-5BA4-42D6-8FAF-F66CDD475A6A}.Release|Any CPU.ActiveCfg = Release|Any CPU
		{E789B03E-5BA4-42D6-8FAF-F66CDD475A6A}.Release|Any CPU.Build.0 = Release|Any CPU
		{E789B03E-5BA4-42D6-8FAF-F66CDD475A6A}.Release|x64.ActiveCfg = Release|Any CPU
		{E789B03E-5BA4-42D6-8FAF-F66CDD475A6A}.Release|x64.Build.0 = Release|Any CPU
		{E789B03E-5BA4-42D6-8FAF-F66CDD475A6A}.Release|x86.ActiveCfg = Release|Any CPU
		{E789B03E-5BA4-42D6-8FAF-F66CDD475A6A}.Release|x86.Build.0 = Release|Any CPU
	EndGlobalSection
	GlobalSection(SolutionProperties) = preSolution
		HideSolutionNode = FALSE
	EndGlobalSection
	GlobalSection(NestedProjects) = preSolution
		{A6E1FE29-73D0-478A-A4BA-59718C8C713D} = {827E0CD3-B72D-47B6-A68D-7590B98EB39B}
		{C889EEE8-CD98-437C-847B-5FEF1422299C} = {827E0CD3-B72D-47B6-A68D-7590B98EB39B}
		{30DBF056-49CA-4DC8-AE2A-2EC8867A905B} = {827E0CD3-B72D-47B6-A68D-7590B98EB39B}
		{17B1701A-EBCE-4C45-87A9-0705267ACBD7} = {827E0CD3-B72D-47B6-A68D-7590B98EB39B}
		{12947F7B-885F-4DB6-864E-EAC07766BC13} = {827E0CD3-B72D-47B6-A68D-7590B98EB39B}
		{C6553B71-678D-464C-A1D3-77A6E8D8C95B} = {827E0CD3-B72D-47B6-A68D-7590B98EB39B}
		{71B74707-B7E4-40D4-8A93-8DEF5DE26F1F} = {827E0CD3-B72D-47B6-A68D-7590B98EB39B}
		{D1A15988-EAF9-4B43-B42B-A053276E717E} = {827E0CD3-B72D-47B6-A68D-7590B98EB39B}
		{291E3F67-6192-4BED-90C0-AA9D0BA24E28} = {827E0CD3-B72D-47B6-A68D-7590B98EB39B}
		{D6169288-C1E2-43C3-9B73-CCAC6D0468ED} = {827E0CD3-B72D-47B6-A68D-7590B98EB39B}
		{D5A98CC2-B907-4CCF-9C02-1D6A98C63B03} = {827E0CD3-B72D-47B6-A68D-7590B98EB39B}
		{C95F859A-943A-AAF5-9C29-9CA34A989777} = {827E0CD3-B72D-47B6-A68D-7590B98EB39B}
		{39FB1D2B-680A-0482-38D6-117C975C081E} = {C95F859A-943A-AAF5-9C29-9CA34A989777}
		{41372820-69DC-CD9D-9B22-405944B6C4B1} = {39FB1D2B-680A-0482-38D6-117C975C081E}
		{57F1210D-754A-494E-AB33-1498F0B22D9E} = {41372820-69DC-CD9D-9B22-405944B6C4B1}
		{BA9741D8-7CAF-43D9-8E81-F9CB0EEA25F8} = {827E0CD3-B72D-47B6-A68D-7590B98EB39B}
		{0B2DECA9-A36B-4E03-8E26-63E19A7A1F51} = {827E0CD3-B72D-47B6-A68D-7590B98EB39B}
		{1AA947BE-A823-4F90-B4F0-6D1AF04EBD02} = {827E0CD3-B72D-47B6-A68D-7590B98EB39B}
		{042D69F5-7A78-40E5-BFBB-0230D82CD9EA} = {827E0CD3-B72D-47B6-A68D-7590B98EB39B}
		{1F7CB962-3BDA-402F-9025-B9D6857BFCE1} = {66320409-64EC-F7C5-3DEF-65E7510DAAD1}
		{20A9BFB0-EE84-474C-834B-C405B1AF273F} = {0AB3BF05-4346-4AA6-1389-037BE0695223}
		{D98C90C6-0574-40BE-A262-C01B3737F4A8} = {0AB3BF05-4346-4AA6-1389-037BE0695223}
		{875D78F4-B72B-4541-9401-4F353012B0AF} = {0AB3BF05-4346-4AA6-1389-037BE0695223}
		{28E5DA7E-E3F6-4470-BA41-1D222E735D4E} = {0AB3BF05-4346-4AA6-1389-037BE0695223}
		{E789B03E-5BA4-42D6-8FAF-F66CDD475A6A} = {0AB3BF05-4346-4AA6-1389-037BE0695223}
	EndGlobalSection
EndGlobal
