
Microsoft Visual Studio Solution File, Format Version 12.00
# Visual Studio Version 17
VisualStudioVersion = 17.0.31903.59
MinimumVisualStudioVersion = 10.0.40219.1
Project("{2150E333-8FDC-42A3-9474-1A3956D46DE8}") = "src", "src", "{827E0CD3-B72D-47B6-A68D-7590B98EB39B}"
EndProject
Project("{FAE04EC0-301F-11D3-BF4B-00C04F79EFBC}") = "Honua.Server.Core", "src\Honua.Server.Core\Honua.Server.Core.csproj", "{1F845DC8-43AC-485D-A225-DC89668313EF}"
EndProject
Project("{2150E333-8FDC-42A3-9474-1A3956D46DE8}") = "tests", "tests", "{0AB3BF05-4346-4AA6-1389-037BE0695223}"
EndProject
Project("{FAE04EC0-301F-11D3-BF4B-00C04F79EFBC}") = "Honua.Server.Host", "src\Honua.Server.Host\Honua.Server.Host.csproj", "{603543D7-2F88-4130-A788-4D07BE4C58B7}"
EndProject
Project("{2150E333-8FDC-42A3-9474-1A3956D46DE8}") = "tools", "tools", "{07C2787E-EAC7-C090-1BA3-A61EC2A24D84}"
EndProject
Project("{FAE04EC0-301F-11D3-BF4B-00C04F79EFBC}") = "DataSeeder", "tools\DataSeeder\DataSeeder.csproj", "{5E429BA6-6730-4203-9C5E-E7C2FF5D574E}"
EndProject
Project("{2150E333-8FDC-42A3-9474-1A3956D46DE8}") = "ets", "ets", "{C23ACEDB-798D-418F-9921-03675737DDB0}"
	ProjectSection(SolutionItems) = preProject
		\t\ttools\\ets\\ets-kml22-README.md = \t\ttools\\ets\\ets-kml22-README.md
	EndProjectSection
EndProject
Project("{FAE04EC0-301F-11D3-BF4B-00C04F79EFBC}") = "Honua.Cli", "src\Honua.Cli\Honua.Cli.csproj", "{1AAD4666-7238-4F98-AE9B-991277BD6960}"
EndProject
Project("{FAE04EC0-301F-11D3-BF4B-00C04F79EFBC}") = "Honua.Cli.Tests", "tests\Honua.Cli.Tests\Honua.Cli.Tests.csproj", "{85239DF7-1258-4B34-948E-AFD08BE8434E}"
EndProject
Project("{2150E333-8FDC-42A3-9474-1A3956D46DE8}") = "benchmarks", "benchmarks", "{66320409-64EC-F7C5-3DEF-65E7510DAAD1}"
EndProject
Project("{FAE04EC0-301F-11D3-BF4B-00C04F79EFBC}") = "Honua.Benchmarks", "benchmarks\Honua.Benchmarks\Honua.Benchmarks.csproj", "{D536012A-12DB-4FEF-9A90-0D224F3B9624}"
EndProject
Project("{FAE04EC0-301F-11D3-BF4B-00C04F79EFBC}") = "Honua.Cli.AI", "src\Honua.Cli.AI\Honua.Cli.AI.csproj", "{99628698-B3EF-4966-AC0A-CA3033C702FB}"
EndProject
Project("{FAE04EC0-301F-11D3-BF4B-00C04F79EFBC}") = "Honua.Server.Enterprise", "src\Honua.Server.Enterprise\Honua.Server.Enterprise.csproj", "{73A02D67-DC92-454D-849C-A5F6F8B14B0C}"
EndProject
Project("{FAE04EC0-301F-11D3-BF4B-00C04F79EFBC}") = "Honua.Server.Enterprise.Tests", "tests\Honua.Server.Enterprise.Tests\Honua.Server.Enterprise.Tests.csproj", "{8BA1BB73-96BE-44CC-9564-ACEC05D60232}"
EndProject
Project("{FAE04EC0-301F-11D3-BF4B-00C04F79EFBC}") = "Honua.Server.Deployment.E2ETests", "tests\Honua.Server.Deployment.E2ETests\Honua.Server.Deployment.E2ETests.csproj", "{9B247902-6859-4C97-8E3C-8125675D146B}"
EndProject
Project("{FAE04EC0-301F-11D3-BF4B-00C04F79EFBC}") = "Honua.Server.Core.Raster", "src\Honua.Server.Core.Raster\Honua.Server.Core.Raster.csproj", "{75A2C41F-8BBF-496E-AC37-11774CC3D266}"
EndProject
Project("{FAE04EC0-301F-11D3-BF4B-00C04F79EFBC}") = "Honua.Server.Core.OData", "src\Honua.Server.Core.OData\Honua.Server.Core.OData.csproj", "{02CF26EF-9ACC-422C-AE81-B20A509D478C}"
EndProject
Project("{FAE04EC0-301F-11D3-BF4B-00C04F79EFBC}") = "Honua.Server.Core.Cloud", "src\Honua.Server.Core.Cloud\Honua.Server.Core.Cloud.csproj", "{774801C1-7FC0-4AD6-889C-2BB74924F991}"
EndProject
Project("{FAE04EC0-301F-11D3-BF4B-00C04F79EFBC}") = "Honua.Server.Core.Tests.Shared", "tests\Honua.Server.Core.Tests.Shared\Honua.Server.Core.Tests.Shared.csproj", "{865C0342-9E8A-4BEA-8CF7-5BA25BFC69F0}"
EndProject
Project("{FAE04EC0-301F-11D3-BF4B-00C04F79EFBC}") = "Honua.Server.Core.Tests.Raster", "tests\Honua.Server.Core.Tests.Raster\Honua.Server.Core.Tests.Raster.csproj", "{BC60FAAE-DFAC-4CCF-B1E1-328A1180064E}"
EndProject
Project("{FAE04EC0-301F-11D3-BF4B-00C04F79EFBC}") = "Honua.Server.Core.Tests.Data", "tests\Honua.Server.Core.Tests.Data\Honua.Server.Core.Tests.Data.csproj", "{F1372DB8-84D5-4491-A0E3-244A782556FF}"
EndProject
Project("{FAE04EC0-301F-11D3-BF4B-00C04F79EFBC}") = "Honua.Server.Core.Tests.OgcProtocols", "tests\Honua.Server.Core.Tests.OgcProtocols\Honua.Server.Core.Tests.OgcProtocols.csproj", "{FF0E3BAD-FF03-4686-8729-6C037FFBEA46}"
EndProject
Project("{FAE04EC0-301F-11D3-BF4B-00C04F79EFBC}") = "Honua.Server.Core.Tests.Apis", "tests\Honua.Server.Core.Tests.Apis\Honua.Server.Core.Tests.Apis.csproj", "{178EE512-B8AA-4285-AEFA-6B5E82C5CF1D}"
EndProject
Project("{FAE04EC0-301F-11D3-BF4B-00C04F79EFBC}") = "Honua.Server.Core.Tests.Security", "tests\Honua.Server.Core.Tests.Security\Honua.Server.Core.Tests.Security.csproj", "{6891D104-E038-4BB6-AE2C-F8511AADB077}"
EndProject
Project("{FAE04EC0-301F-11D3-BF4B-00C04F79EFBC}") = "Honua.Server.Core.Tests.DataOperations", "tests\Honua.Server.Core.Tests.DataOperations\Honua.Server.Core.Tests.DataOperations.csproj", "{135FCA22-9055-4DA1-92AE-AD3EF71363F0}"
EndProject
Project("{FAE04EC0-301F-11D3-BF4B-00C04F79EFBC}") = "Honua.Server.Core.Tests.Infrastructure", "tests\Honua.Server.Core.Tests.Infrastructure\Honua.Server.Core.Tests.Infrastructure.csproj", "{57206ED7-0115-406D-A52A-DE6534409CC2}"
EndProject
Project("{FAE04EC0-301F-11D3-BF4B-00C04F79EFBC}") = "Honua.Server.Core.Tests.Integration", "tests\Honua.Server.Core.Tests.Integration\Honua.Server.Core.Tests.Integration.csproj", "{6F60ADFE-BE81-413C-9B1B-56D894E8116B}"
EndProject
Global
	GlobalSection(SolutionConfigurationPlatforms) = preSolution
		Debug|Any CPU = Debug|Any CPU
		Debug|x64 = Debug|x64
		Debug|x86 = Debug|x86
		Release|Any CPU = Release|Any CPU
		Release|x64 = Release|x64
		Release|x86 = Release|x86
	EndGlobalSection
	GlobalSection(ProjectConfigurationPlatforms) = postSolution
		{1F845DC8-43AC-485D-A225-DC89668313EF}.Debug|Any CPU.ActiveCfg = Debug|Any CPU
		{1F845DC8-43AC-485D-A225-DC89668313EF}.Debug|Any CPU.Build.0 = Debug|Any CPU
		{1F845DC8-43AC-485D-A225-DC89668313EF}.Debug|x64.ActiveCfg = Debug|Any CPU
		{1F845DC8-43AC-485D-A225-DC89668313EF}.Debug|x64.Build.0 = Debug|Any CPU
		{1F845DC8-43AC-485D-A225-DC89668313EF}.Debug|x86.ActiveCfg = Debug|Any CPU
		{1F845DC8-43AC-485D-A225-DC89668313EF}.Debug|x86.Build.0 = Debug|Any CPU
		{1F845DC8-43AC-485D-A225-DC89668313EF}.Release|Any CPU.ActiveCfg = Release|Any CPU
		{1F845DC8-43AC-485D-A225-DC89668313EF}.Release|Any CPU.Build.0 = Release|Any CPU
		{1F845DC8-43AC-485D-A225-DC89668313EF}.Release|x64.ActiveCfg = Release|Any CPU
		{1F845DC8-43AC-485D-A225-DC89668313EF}.Release|x64.Build.0 = Release|Any CPU
		{1F845DC8-43AC-485D-A225-DC89668313EF}.Release|x86.ActiveCfg = Release|Any CPU
		{1F845DC8-43AC-485D-A225-DC89668313EF}.Release|x86.Build.0 = Release|Any CPU
		{603543D7-2F88-4130-A788-4D07BE4C58B7}.Debug|Any CPU.ActiveCfg = Debug|Any CPU
		{603543D7-2F88-4130-A788-4D07BE4C58B7}.Debug|Any CPU.Build.0 = Debug|Any CPU
		{603543D7-2F88-4130-A788-4D07BE4C58B7}.Debug|x64.ActiveCfg = Debug|Any CPU
		{603543D7-2F88-4130-A788-4D07BE4C58B7}.Debug|x64.Build.0 = Debug|Any CPU
		{603543D7-2F88-4130-A788-4D07BE4C58B7}.Debug|x86.ActiveCfg = Debug|Any CPU
		{603543D7-2F88-4130-A788-4D07BE4C58B7}.Debug|x86.Build.0 = Debug|Any CPU
		{603543D7-2F88-4130-A788-4D07BE4C58B7}.Release|Any CPU.ActiveCfg = Release|Any CPU
		{603543D7-2F88-4130-A788-4D07BE4C58B7}.Release|Any CPU.Build.0 = Release|Any CPU
		{603543D7-2F88-4130-A788-4D07BE4C58B7}.Release|x64.ActiveCfg = Release|Any CPU
		{603543D7-2F88-4130-A788-4D07BE4C58B7}.Release|x64.Build.0 = Release|Any CPU
		{603543D7-2F88-4130-A788-4D07BE4C58B7}.Release|x86.ActiveCfg = Release|Any CPU
		{603543D7-2F88-4130-A788-4D07BE4C58B7}.Release|x86.Build.0 = Release|Any CPU
		{5E429BA6-6730-4203-9C5E-E7C2FF5D574E}.Debug|Any CPU.ActiveCfg = Debug|Any CPU
		{5E429BA6-6730-4203-9C5E-E7C2FF5D574E}.Debug|Any CPU.Build.0 = Debug|Any CPU
		{5E429BA6-6730-4203-9C5E-E7C2FF5D574E}.Debug|x64.ActiveCfg = Debug|Any CPU
		{5E429BA6-6730-4203-9C5E-E7C2FF5D574E}.Debug|x64.Build.0 = Debug|Any CPU
		{5E429BA6-6730-4203-9C5E-E7C2FF5D574E}.Debug|x86.ActiveCfg = Debug|Any CPU
		{5E429BA6-6730-4203-9C5E-E7C2FF5D574E}.Debug|x86.Build.0 = Debug|Any CPU
		{5E429BA6-6730-4203-9C5E-E7C2FF5D574E}.Release|Any CPU.ActiveCfg = Release|Any CPU
		{5E429BA6-6730-4203-9C5E-E7C2FF5D574E}.Release|Any CPU.Build.0 = Release|Any CPU
		{5E429BA6-6730-4203-9C5E-E7C2FF5D574E}.Release|x64.ActiveCfg = Release|Any CPU
		{5E429BA6-6730-4203-9C5E-E7C2FF5D574E}.Release|x64.Build.0 = Release|Any CPU
		{5E429BA6-6730-4203-9C5E-E7C2FF5D574E}.Release|x86.ActiveCfg = Release|Any CPU
		{5E429BA6-6730-4203-9C5E-E7C2FF5D574E}.Release|x86.Build.0 = Release|Any CPU
		{1AAD4666-7238-4F98-AE9B-991277BD6960}.Debug|Any CPU.ActiveCfg = Debug|Any CPU
		{1AAD4666-7238-4F98-AE9B-991277BD6960}.Debug|Any CPU.Build.0 = Debug|Any CPU
		{1AAD4666-7238-4F98-AE9B-991277BD6960}.Debug|x64.ActiveCfg = Debug|Any CPU
		{1AAD4666-7238-4F98-AE9B-991277BD6960}.Debug|x64.Build.0 = Debug|Any CPU
		{1AAD4666-7238-4F98-AE9B-991277BD6960}.Debug|x86.ActiveCfg = Debug|Any CPU
		{1AAD4666-7238-4F98-AE9B-991277BD6960}.Debug|x86.Build.0 = Debug|Any CPU
		{1AAD4666-7238-4F98-AE9B-991277BD6960}.Release|Any CPU.ActiveCfg = Release|Any CPU
		{1AAD4666-7238-4F98-AE9B-991277BD6960}.Release|Any CPU.Build.0 = Release|Any CPU
		{1AAD4666-7238-4F98-AE9B-991277BD6960}.Release|x64.ActiveCfg = Release|Any CPU
		{1AAD4666-7238-4F98-AE9B-991277BD6960}.Release|x64.Build.0 = Release|Any CPU
		{1AAD4666-7238-4F98-AE9B-991277BD6960}.Release|x86.ActiveCfg = Release|Any CPU
		{1AAD4666-7238-4F98-AE9B-991277BD6960}.Release|x86.Build.0 = Release|Any CPU
		{85239DF7-1258-4B34-948E-AFD08BE8434E}.Debug|Any CPU.ActiveCfg = Debug|Any CPU
		{85239DF7-1258-4B34-948E-AFD08BE8434E}.Debug|Any CPU.Build.0 = Debug|Any CPU
		{85239DF7-1258-4B34-948E-AFD08BE8434E}.Debug|x64.ActiveCfg = Debug|Any CPU
		{85239DF7-1258-4B34-948E-AFD08BE8434E}.Debug|x64.Build.0 = Debug|Any CPU
		{85239DF7-1258-4B34-948E-AFD08BE8434E}.Debug|x86.ActiveCfg = Debug|Any CPU
		{85239DF7-1258-4B34-948E-AFD08BE8434E}.Debug|x86.Build.0 = Debug|Any CPU
		{85239DF7-1258-4B34-948E-AFD08BE8434E}.Release|Any CPU.ActiveCfg = Release|Any CPU
		{85239DF7-1258-4B34-948E-AFD08BE8434E}.Release|Any CPU.Build.0 = Release|Any CPU
		{85239DF7-1258-4B34-948E-AFD08BE8434E}.Release|x64.ActiveCfg = Release|Any CPU
		{85239DF7-1258-4B34-948E-AFD08BE8434E}.Release|x64.Build.0 = Release|Any CPU
		{85239DF7-1258-4B34-948E-AFD08BE8434E}.Release|x86.ActiveCfg = Release|Any CPU
		{85239DF7-1258-4B34-948E-AFD08BE8434E}.Release|x86.Build.0 = Release|Any CPU
		{D536012A-12DB-4FEF-9A90-0D224F3B9624}.Debug|Any CPU.ActiveCfg = Debug|Any CPU
		{D536012A-12DB-4FEF-9A90-0D224F3B9624}.Debug|Any CPU.Build.0 = Debug|Any CPU
		{D536012A-12DB-4FEF-9A90-0D224F3B9624}.Debug|x64.ActiveCfg = Debug|Any CPU
		{D536012A-12DB-4FEF-9A90-0D224F3B9624}.Debug|x64.Build.0 = Debug|Any CPU
		{D536012A-12DB-4FEF-9A90-0D224F3B9624}.Debug|x86.ActiveCfg = Debug|Any CPU
		{D536012A-12DB-4FEF-9A90-0D224F3B9624}.Debug|x86.Build.0 = Debug|Any CPU
		{D536012A-12DB-4FEF-9A90-0D224F3B9624}.Release|Any CPU.ActiveCfg = Release|Any CPU
		{D536012A-12DB-4FEF-9A90-0D224F3B9624}.Release|Any CPU.Build.0 = Release|Any CPU
		{D536012A-12DB-4FEF-9A90-0D224F3B9624}.Release|x64.ActiveCfg = Release|Any CPU
		{D536012A-12DB-4FEF-9A90-0D224F3B9624}.Release|x64.Build.0 = Release|Any CPU
		{D536012A-12DB-4FEF-9A90-0D224F3B9624}.Release|x86.ActiveCfg = Release|Any CPU
		{D536012A-12DB-4FEF-9A90-0D224F3B9624}.Release|x86.Build.0 = Release|Any CPU
		{99628698-B3EF-4966-AC0A-CA3033C702FB}.Debug|Any CPU.ActiveCfg = Debug|Any CPU
		{99628698-B3EF-4966-AC0A-CA3033C702FB}.Debug|Any CPU.Build.0 = Debug|Any CPU
		{99628698-B3EF-4966-AC0A-CA3033C702FB}.Debug|x64.ActiveCfg = Debug|Any CPU
		{99628698-B3EF-4966-AC0A-CA3033C702FB}.Debug|x64.Build.0 = Debug|Any CPU
		{99628698-B3EF-4966-AC0A-CA3033C702FB}.Debug|x86.ActiveCfg = Debug|Any CPU
		{99628698-B3EF-4966-AC0A-CA3033C702FB}.Debug|x86.Build.0 = Debug|Any CPU
		{99628698-B3EF-4966-AC0A-CA3033C702FB}.Release|Any CPU.ActiveCfg = Release|Any CPU
		{99628698-B3EF-4966-AC0A-CA3033C702FB}.Release|Any CPU.Build.0 = Release|Any CPU
		{99628698-B3EF-4966-AC0A-CA3033C702FB}.Release|x64.ActiveCfg = Release|Any CPU
		{99628698-B3EF-4966-AC0A-CA3033C702FB}.Release|x64.Build.0 = Release|Any CPU
		{99628698-B3EF-4966-AC0A-CA3033C702FB}.Release|x86.ActiveCfg = Release|Any CPU
		{99628698-B3EF-4966-AC0A-CA3033C702FB}.Release|x86.Build.0 = Release|Any CPU
		{F0103F52-E703-4763-87CC-D2D959D6F5BF}.Debug|Any CPU.ActiveCfg = Debug|Any CPU
		{F0103F52-E703-4763-87CC-D2D959D6F5BF}.Debug|Any CPU.Build.0 = Debug|Any CPU
		{F0103F52-E703-4763-87CC-D2D959D6F5BF}.Debug|x64.ActiveCfg = Debug|Any CPU
		{F0103F52-E703-4763-87CC-D2D959D6F5BF}.Debug|x64.Build.0 = Debug|Any CPU
		{F0103F52-E703-4763-87CC-D2D959D6F5BF}.Debug|x86.ActiveCfg = Debug|Any CPU
		{F0103F52-E703-4763-87CC-D2D959D6F5BF}.Debug|x86.Build.0 = Debug|Any CPU
		{F0103F52-E703-4763-87CC-D2D959D6F5BF}.Release|Any CPU.ActiveCfg = Release|Any CPU
		{F0103F52-E703-4763-87CC-D2D959D6F5BF}.Release|Any CPU.Build.0 = Release|Any CPU
		{F0103F52-E703-4763-87CC-D2D959D6F5BF}.Release|x64.ActiveCfg = Release|Any CPU
		{F0103F52-E703-4763-87CC-D2D959D6F5BF}.Release|x64.Build.0 = Release|Any CPU
		{F0103F52-E703-4763-87CC-D2D959D6F5BF}.Release|x86.ActiveCfg = Release|Any CPU
		{F0103F52-E703-4763-87CC-D2D959D6F5BF}.Release|x86.Build.0 = Release|Any CPU
		{55D78E0C-44D5-452C-9819-A7776A92A5FA}.Debug|Any CPU.ActiveCfg = Debug|Any CPU
		{55D78E0C-44D5-452C-9819-A7776A92A5FA}.Debug|Any CPU.Build.0 = Debug|Any CPU
		{55D78E0C-44D5-452C-9819-A7776A92A5FA}.Debug|x64.ActiveCfg = Debug|Any CPU
		{55D78E0C-44D5-452C-9819-A7776A92A5FA}.Debug|x64.Build.0 = Debug|Any CPU
		{55D78E0C-44D5-452C-9819-A7776A92A5FA}.Debug|x86.ActiveCfg = Debug|Any CPU
		{55D78E0C-44D5-452C-9819-A7776A92A5FA}.Debug|x86.Build.0 = Debug|Any CPU
		{55D78E0C-44D5-452C-9819-A7776A92A5FA}.Release|Any CPU.ActiveCfg = Release|Any CPU
		{55D78E0C-44D5-452C-9819-A7776A92A5FA}.Release|Any CPU.Build.0 = Release|Any CPU
		{55D78E0C-44D5-452C-9819-A7776A92A5FA}.Release|x64.ActiveCfg = Release|Any CPU
		{55D78E0C-44D5-452C-9819-A7776A92A5FA}.Release|x64.Build.0 = Release|Any CPU
		{55D78E0C-44D5-452C-9819-A7776A92A5FA}.Release|x86.ActiveCfg = Release|Any CPU
		{55D78E0C-44D5-452C-9819-A7776A92A5FA}.Release|x86.Build.0 = Release|Any CPU
		{73A02D67-DC92-454D-849C-A5F6F8B14B0C}.Debug|Any CPU.ActiveCfg = Debug|Any CPU
		{73A02D67-DC92-454D-849C-A5F6F8B14B0C}.Debug|Any CPU.Build.0 = Debug|Any CPU
		{73A02D67-DC92-454D-849C-A5F6F8B14B0C}.Debug|x64.ActiveCfg = Debug|Any CPU
		{73A02D67-DC92-454D-849C-A5F6F8B14B0C}.Debug|x64.Build.0 = Debug|Any CPU
		{73A02D67-DC92-454D-849C-A5F6F8B14B0C}.Debug|x86.ActiveCfg = Debug|Any CPU
		{73A02D67-DC92-454D-849C-A5F6F8B14B0C}.Debug|x86.Build.0 = Debug|Any CPU
		{73A02D67-DC92-454D-849C-A5F6F8B14B0C}.Release|Any CPU.ActiveCfg = Release|Any CPU
		{73A02D67-DC92-454D-849C-A5F6F8B14B0C}.Release|Any CPU.Build.0 = Release|Any CPU
		{73A02D67-DC92-454D-849C-A5F6F8B14B0C}.Release|x64.ActiveCfg = Release|Any CPU
		{73A02D67-DC92-454D-849C-A5F6F8B14B0C}.Release|x64.Build.0 = Release|Any CPU
		{73A02D67-DC92-454D-849C-A5F6F8B14B0C}.Release|x86.ActiveCfg = Release|Any CPU
		{73A02D67-DC92-454D-849C-A5F6F8B14B0C}.Release|x86.Build.0 = Release|Any CPU
		{8BA1BB73-96BE-44CC-9564-ACEC05D60232}.Debug|Any CPU.ActiveCfg = Debug|Any CPU
		{8BA1BB73-96BE-44CC-9564-ACEC05D60232}.Debug|Any CPU.Build.0 = Debug|Any CPU
		{8BA1BB73-96BE-44CC-9564-ACEC05D60232}.Debug|x64.ActiveCfg = Debug|Any CPU
		{8BA1BB73-96BE-44CC-9564-ACEC05D60232}.Debug|x64.Build.0 = Debug|Any CPU
		{8BA1BB73-96BE-44CC-9564-ACEC05D60232}.Debug|x86.ActiveCfg = Debug|Any CPU
		{8BA1BB73-96BE-44CC-9564-ACEC05D60232}.Debug|x86.Build.0 = Debug|Any CPU
		{8BA1BB73-96BE-44CC-9564-ACEC05D60232}.Release|Any CPU.ActiveCfg = Release|Any CPU
		{8BA1BB73-96BE-44CC-9564-ACEC05D60232}.Release|Any CPU.Build.0 = Release|Any CPU
		{8BA1BB73-96BE-44CC-9564-ACEC05D60232}.Release|x64.ActiveCfg = Release|Any CPU
		{8BA1BB73-96BE-44CC-9564-ACEC05D60232}.Release|x64.Build.0 = Release|Any CPU
		{8BA1BB73-96BE-44CC-9564-ACEC05D60232}.Release|x86.ActiveCfg = Release|Any CPU
		{8BA1BB73-96BE-44CC-9564-ACEC05D60232}.Release|x86.Build.0 = Release|Any CPU
		{9B247902-6859-4C97-8E3C-8125675D146B}.Debug|Any CPU.ActiveCfg = Debug|Any CPU
		{9B247902-6859-4C97-8E3C-8125675D146B}.Debug|Any CPU.Build.0 = Debug|Any CPU
		{9B247902-6859-4C97-8E3C-8125675D146B}.Debug|x64.ActiveCfg = Debug|Any CPU
		{9B247902-6859-4C97-8E3C-8125675D146B}.Debug|x64.Build.0 = Debug|Any CPU
		{9B247902-6859-4C97-8E3C-8125675D146B}.Debug|x86.ActiveCfg = Debug|Any CPU
		{9B247902-6859-4C97-8E3C-8125675D146B}.Debug|x86.Build.0 = Debug|Any CPU
		{9B247902-6859-4C97-8E3C-8125675D146B}.Release|Any CPU.ActiveCfg = Release|Any CPU
		{9B247902-6859-4C97-8E3C-8125675D146B}.Release|Any CPU.Build.0 = Release|Any CPU
		{9B247902-6859-4C97-8E3C-8125675D146B}.Release|x64.ActiveCfg = Release|Any CPU
		{9B247902-6859-4C97-8E3C-8125675D146B}.Release|x64.Build.0 = Release|Any CPU
		{9B247902-6859-4C97-8E3C-8125675D146B}.Release|x86.ActiveCfg = Release|Any CPU
		{9B247902-6859-4C97-8E3C-8125675D146B}.Release|x86.Build.0 = Release|Any CPU
		{75A2C41F-8BBF-496E-AC37-11774CC3D266}.Debug|Any CPU.ActiveCfg = Debug|Any CPU
		{75A2C41F-8BBF-496E-AC37-11774CC3D266}.Debug|Any CPU.Build.0 = Debug|Any CPU
		{75A2C41F-8BBF-496E-AC37-11774CC3D266}.Debug|x64.ActiveCfg = Debug|Any CPU
		{75A2C41F-8BBF-496E-AC37-11774CC3D266}.Debug|x64.Build.0 = Debug|Any CPU
		{75A2C41F-8BBF-496E-AC37-11774CC3D266}.Debug|x86.ActiveCfg = Debug|Any CPU
		{75A2C41F-8BBF-496E-AC37-11774CC3D266}.Debug|x86.Build.0 = Debug|Any CPU
		{75A2C41F-8BBF-496E-AC37-11774CC3D266}.Release|Any CPU.ActiveCfg = Release|Any CPU
		{75A2C41F-8BBF-496E-AC37-11774CC3D266}.Release|Any CPU.Build.0 = Release|Any CPU
		{75A2C41F-8BBF-496E-AC37-11774CC3D266}.Release|x64.ActiveCfg = Release|Any CPU
		{75A2C41F-8BBF-496E-AC37-11774CC3D266}.Release|x64.Build.0 = Release|Any CPU
		{75A2C41F-8BBF-496E-AC37-11774CC3D266}.Release|x86.ActiveCfg = Release|Any CPU
		{75A2C41F-8BBF-496E-AC37-11774CC3D266}.Release|x86.Build.0 = Release|Any CPU
		{02CF26EF-9ACC-422C-AE81-B20A509D478C}.Debug|Any CPU.ActiveCfg = Debug|Any CPU
		{02CF26EF-9ACC-422C-AE81-B20A509D478C}.Debug|Any CPU.Build.0 = Debug|Any CPU
		{02CF26EF-9ACC-422C-AE81-B20A509D478C}.Debug|x64.ActiveCfg = Debug|Any CPU
		{02CF26EF-9ACC-422C-AE81-B20A509D478C}.Debug|x64.Build.0 = Debug|Any CPU
		{02CF26EF-9ACC-422C-AE81-B20A509D478C}.Debug|x86.ActiveCfg = Debug|Any CPU
		{02CF26EF-9ACC-422C-AE81-B20A509D478C}.Debug|x86.Build.0 = Debug|Any CPU
		{02CF26EF-9ACC-422C-AE81-B20A509D478C}.Release|Any CPU.ActiveCfg = Release|Any CPU
		{02CF26EF-9ACC-422C-AE81-B20A509D478C}.Release|Any CPU.Build.0 = Release|Any CPU
		{02CF26EF-9ACC-422C-AE81-B20A509D478C}.Release|x64.ActiveCfg = Release|Any CPU
		{02CF26EF-9ACC-422C-AE81-B20A509D478C}.Release|x64.Build.0 = Release|Any CPU
		{02CF26EF-9ACC-422C-AE81-B20A509D478C}.Release|x86.ActiveCfg = Release|Any CPU
		{02CF26EF-9ACC-422C-AE81-B20A509D478C}.Release|x86.Build.0 = Release|Any CPU
		{774801C1-7FC0-4AD6-889C-2BB74924F991}.Debug|Any CPU.ActiveCfg = Debug|Any CPU
		{774801C1-7FC0-4AD6-889C-2BB74924F991}.Debug|Any CPU.Build.0 = Debug|Any CPU
		{774801C1-7FC0-4AD6-889C-2BB74924F991}.Debug|x64.ActiveCfg = Debug|Any CPU
		{774801C1-7FC0-4AD6-889C-2BB74924F991}.Debug|x64.Build.0 = Debug|Any CPU
		{774801C1-7FC0-4AD6-889C-2BB74924F991}.Debug|x86.ActiveCfg = Debug|Any CPU
		{774801C1-7FC0-4AD6-889C-2BB74924F991}.Debug|x86.Build.0 = Debug|Any CPU
		{774801C1-7FC0-4AD6-889C-2BB74924F991}.Release|Any CPU.ActiveCfg = Release|Any CPU
		{774801C1-7FC0-4AD6-889C-2BB74924F991}.Release|Any CPU.Build.0 = Release|Any CPU
		{774801C1-7FC0-4AD6-889C-2BB74924F991}.Release|x64.ActiveCfg = Release|Any CPU
		{774801C1-7FC0-4AD6-889C-2BB74924F991}.Release|x64.Build.0 = Release|Any CPU
		{774801C1-7FC0-4AD6-889C-2BB74924F991}.Release|x86.ActiveCfg = Release|Any CPU
		{774801C1-7FC0-4AD6-889C-2BB74924F991}.Release|x86.Build.0 = Release|Any CPU
		{865C0342-9E8A-4BEA-8CF7-5BA25BFC69F0}.Debug|Any CPU.ActiveCfg = Debug|Any CPU
		{865C0342-9E8A-4BEA-8CF7-5BA25BFC69F0}.Debug|Any CPU.Build.0 = Debug|Any CPU
		{865C0342-9E8A-4BEA-8CF7-5BA25BFC69F0}.Debug|x64.ActiveCfg = Debug|Any CPU
		{865C0342-9E8A-4BEA-8CF7-5BA25BFC69F0}.Debug|x64.Build.0 = Debug|Any CPU
		{865C0342-9E8A-4BEA-8CF7-5BA25BFC69F0}.Debug|x86.ActiveCfg = Debug|Any CPU
		{865C0342-9E8A-4BEA-8CF7-5BA25BFC69F0}.Debug|x86.Build.0 = Debug|Any CPU
		{865C0342-9E8A-4BEA-8CF7-5BA25BFC69F0}.Release|Any CPU.ActiveCfg = Release|Any CPU
		{865C0342-9E8A-4BEA-8CF7-5BA25BFC69F0}.Release|Any CPU.Build.0 = Release|Any CPU
		{865C0342-9E8A-4BEA-8CF7-5BA25BFC69F0}.Release|x64.ActiveCfg = Release|Any CPU
		{865C0342-9E8A-4BEA-8CF7-5BA25BFC69F0}.Release|x64.Build.0 = Release|Any CPU
		{865C0342-9E8A-4BEA-8CF7-5BA25BFC69F0}.Release|x86.ActiveCfg = Release|Any CPU
		{865C0342-9E8A-4BEA-8CF7-5BA25BFC69F0}.Release|x86.Build.0 = Release|Any CPU
		{BC60FAAE-DFAC-4CCF-B1E1-328A1180064E}.Debug|Any CPU.ActiveCfg = Debug|Any CPU
		{BC60FAAE-DFAC-4CCF-B1E1-328A1180064E}.Debug|Any CPU.Build.0 = Debug|Any CPU
		{BC60FAAE-DFAC-4CCF-B1E1-328A1180064E}.Debug|x64.ActiveCfg = Debug|Any CPU
		{BC60FAAE-DFAC-4CCF-B1E1-328A1180064E}.Debug|x64.Build.0 = Debug|Any CPU
		{BC60FAAE-DFAC-4CCF-B1E1-328A1180064E}.Debug|x86.ActiveCfg = Debug|Any CPU
		{BC60FAAE-DFAC-4CCF-B1E1-328A1180064E}.Debug|x86.Build.0 = Debug|Any CPU
		{BC60FAAE-DFAC-4CCF-B1E1-328A1180064E}.Release|Any CPU.ActiveCfg = Release|Any CPU
		{BC60FAAE-DFAC-4CCF-B1E1-328A1180064E}.Release|Any CPU.Build.0 = Release|Any CPU
		{BC60FAAE-DFAC-4CCF-B1E1-328A1180064E}.Release|x64.ActiveCfg = Release|Any CPU
		{BC60FAAE-DFAC-4CCF-B1E1-328A1180064E}.Release|x64.Build.0 = Release|Any CPU
		{BC60FAAE-DFAC-4CCF-B1E1-328A1180064E}.Release|x86.ActiveCfg = Release|Any CPU
		{BC60FAAE-DFAC-4CCF-B1E1-328A1180064E}.Release|x86.Build.0 = Release|Any CPU
		{F1372DB8-84D5-4491-A0E3-244A782556FF}.Debug|Any CPU.ActiveCfg = Debug|Any CPU
		{F1372DB8-84D5-4491-A0E3-244A782556FF}.Debug|Any CPU.Build.0 = Debug|Any CPU
		{F1372DB8-84D5-4491-A0E3-244A782556FF}.Debug|x64.ActiveCfg = Debug|Any CPU
		{F1372DB8-84D5-4491-A0E3-244A782556FF}.Debug|x64.Build.0 = Debug|Any CPU
		{F1372DB8-84D5-4491-A0E3-244A782556FF}.Debug|x86.ActiveCfg = Debug|Any CPU
		{F1372DB8-84D5-4491-A0E3-244A782556FF}.Debug|x86.Build.0 = Debug|Any CPU
		{F1372DB8-84D5-4491-A0E3-244A782556FF}.Release|Any CPU.ActiveCfg = Release|Any CPU
		{F1372DB8-84D5-4491-A0E3-244A782556FF}.Release|Any CPU.Build.0 = Release|Any CPU
		{F1372DB8-84D5-4491-A0E3-244A782556FF}.Release|x64.ActiveCfg = Release|Any CPU
		{F1372DB8-84D5-4491-A0E3-244A782556FF}.Release|x64.Build.0 = Release|Any CPU
		{F1372DB8-84D5-4491-A0E3-244A782556FF}.Release|x86.ActiveCfg = Release|Any CPU
		{F1372DB8-84D5-4491-A0E3-244A782556FF}.Release|x86.Build.0 = Release|Any CPU
		{FF0E3BAD-FF03-4686-8729-6C037FFBEA46}.Debug|Any CPU.ActiveCfg = Debug|Any CPU
		{FF0E3BAD-FF03-4686-8729-6C037FFBEA46}.Debug|Any CPU.Build.0 = Debug|Any CPU
		{FF0E3BAD-FF03-4686-8729-6C037FFBEA46}.Debug|x64.ActiveCfg = Debug|Any CPU
		{FF0E3BAD-FF03-4686-8729-6C037FFBEA46}.Debug|x64.Build.0 = Debug|Any CPU
		{FF0E3BAD-FF03-4686-8729-6C037FFBEA46}.Debug|x86.ActiveCfg = Debug|Any CPU
		{FF0E3BAD-FF03-4686-8729-6C037FFBEA46}.Debug|x86.Build.0 = Debug|Any CPU
		{FF0E3BAD-FF03-4686-8729-6C037FFBEA46}.Release|Any CPU.ActiveCfg = Release|Any CPU
		{FF0E3BAD-FF03-4686-8729-6C037FFBEA46}.Release|Any CPU.Build.0 = Release|Any CPU
		{FF0E3BAD-FF03-4686-8729-6C037FFBEA46}.Release|x64.ActiveCfg = Release|Any CPU
		{FF0E3BAD-FF03-4686-8729-6C037FFBEA46}.Release|x64.Build.0 = Release|Any CPU
		{FF0E3BAD-FF03-4686-8729-6C037FFBEA46}.Release|x86.ActiveCfg = Release|Any CPU
		{FF0E3BAD-FF03-4686-8729-6C037FFBEA46}.Release|x86.Build.0 = Release|Any CPU
		{178EE512-B8AA-4285-AEFA-6B5E82C5CF1D}.Debug|Any CPU.ActiveCfg = Debug|Any CPU
		{178EE512-B8AA-4285-AEFA-6B5E82C5CF1D}.Debug|Any CPU.Build.0 = Debug|Any CPU
		{178EE512-B8AA-4285-AEFA-6B5E82C5CF1D}.Debug|x64.ActiveCfg = Debug|Any CPU
		{178EE512-B8AA-4285-AEFA-6B5E82C5CF1D}.Debug|x64.Build.0 = Debug|Any CPU
		{178EE512-B8AA-4285-AEFA-6B5E82C5CF1D}.Debug|x86.ActiveCfg = Debug|Any CPU
		{178EE512-B8AA-4285-AEFA-6B5E82C5CF1D}.Debug|x86.Build.0 = Debug|Any CPU
		{178EE512-B8AA-4285-AEFA-6B5E82C5CF1D}.Release|Any CPU.ActiveCfg = Release|Any CPU
		{178EE512-B8AA-4285-AEFA-6B5E82C5CF1D}.Release|Any CPU.Build.0 = Release|Any CPU
		{178EE512-B8AA-4285-AEFA-6B5E82C5CF1D}.Release|x64.ActiveCfg = Release|Any CPU
		{178EE512-B8AA-4285-AEFA-6B5E82C5CF1D}.Release|x64.Build.0 = Release|Any CPU
		{178EE512-B8AA-4285-AEFA-6B5E82C5CF1D}.Release|x86.ActiveCfg = Release|Any CPU
		{178EE512-B8AA-4285-AEFA-6B5E82C5CF1D}.Release|x86.Build.0 = Release|Any CPU
		{6891D104-E038-4BB6-AE2C-F8511AADB077}.Debug|Any CPU.ActiveCfg = Debug|Any CPU
		{6891D104-E038-4BB6-AE2C-F8511AADB077}.Debug|Any CPU.Build.0 = Debug|Any CPU
		{6891D104-E038-4BB6-AE2C-F8511AADB077}.Debug|x64.ActiveCfg = Debug|Any CPU
		{6891D104-E038-4BB6-AE2C-F8511AADB077}.Debug|x64.Build.0 = Debug|Any CPU
		{6891D104-E038-4BB6-AE2C-F8511AADB077}.Debug|x86.ActiveCfg = Debug|Any CPU
		{6891D104-E038-4BB6-AE2C-F8511AADB077}.Debug|x86.Build.0 = Debug|Any CPU
		{6891D104-E038-4BB6-AE2C-F8511AADB077}.Release|Any CPU.ActiveCfg = Release|Any CPU
		{6891D104-E038-4BB6-AE2C-F8511AADB077}.Release|Any CPU.Build.0 = Release|Any CPU
		{6891D104-E038-4BB6-AE2C-F8511AADB077}.Release|x64.ActiveCfg = Release|Any CPU
		{6891D104-E038-4BB6-AE2C-F8511AADB077}.Release|x64.Build.0 = Release|Any CPU
		{6891D104-E038-4BB6-AE2C-F8511AADB077}.Release|x86.ActiveCfg = Release|Any CPU
		{6891D104-E038-4BB6-AE2C-F8511AADB077}.Release|x86.Build.0 = Release|Any CPU
		{135FCA22-9055-4DA1-92AE-AD3EF71363F0}.Debug|Any CPU.ActiveCfg = Debug|Any CPU
		{135FCA22-9055-4DA1-92AE-AD3EF71363F0}.Debug|Any CPU.Build.0 = Debug|Any CPU
		{135FCA22-9055-4DA1-92AE-AD3EF71363F0}.Debug|x64.ActiveCfg = Debug|Any CPU
		{135FCA22-9055-4DA1-92AE-AD3EF71363F0}.Debug|x64.Build.0 = Debug|Any CPU
		{135FCA22-9055-4DA1-92AE-AD3EF71363F0}.Debug|x86.ActiveCfg = Debug|Any CPU
		{135FCA22-9055-4DA1-92AE-AD3EF71363F0}.Debug|x86.Build.0 = Debug|Any CPU
		{135FCA22-9055-4DA1-92AE-AD3EF71363F0}.Release|Any CPU.ActiveCfg = Release|Any CPU
		{135FCA22-9055-4DA1-92AE-AD3EF71363F0}.Release|Any CPU.Build.0 = Release|Any CPU
		{135FCA22-9055-4DA1-92AE-AD3EF71363F0}.Release|x64.ActiveCfg = Release|Any CPU
		{135FCA22-9055-4DA1-92AE-AD3EF71363F0}.Release|x64.Build.0 = Release|Any CPU
		{135FCA22-9055-4DA1-92AE-AD3EF71363F0}.Release|x86.ActiveCfg = Release|Any CPU
		{135FCA22-9055-4DA1-92AE-AD3EF71363F0}.Release|x86.Build.0 = Release|Any CPU
		{57206ED7-0115-406D-A52A-DE6534409CC2}.Debug|Any CPU.ActiveCfg = Debug|Any CPU
		{57206ED7-0115-406D-A52A-DE6534409CC2}.Debug|Any CPU.Build.0 = Debug|Any CPU
		{57206ED7-0115-406D-A52A-DE6534409CC2}.Debug|x64.ActiveCfg = Debug|Any CPU
		{57206ED7-0115-406D-A52A-DE6534409CC2}.Debug|x64.Build.0 = Debug|Any CPU
		{57206ED7-0115-406D-A52A-DE6534409CC2}.Debug|x86.ActiveCfg = Debug|Any CPU
		{57206ED7-0115-406D-A52A-DE6534409CC2}.Debug|x86.Build.0 = Debug|Any CPU
		{57206ED7-0115-406D-A52A-DE6534409CC2}.Release|Any CPU.ActiveCfg = Release|Any CPU
		{57206ED7-0115-406D-A52A-DE6534409CC2}.Release|Any CPU.Build.0 = Release|Any CPU
		{57206ED7-0115-406D-A52A-DE6534409CC2}.Release|x64.ActiveCfg = Release|Any CPU
		{57206ED7-0115-406D-A52A-DE6534409CC2}.Release|x64.Build.0 = Release|Any CPU
		{57206ED7-0115-406D-A52A-DE6534409CC2}.Release|x86.ActiveCfg = Release|Any CPU
		{57206ED7-0115-406D-A52A-DE6534409CC2}.Release|x86.Build.0 = Release|Any CPU
		{6F60ADFE-BE81-413C-9B1B-56D894E8116B}.Debug|Any CPU.ActiveCfg = Debug|Any CPU
		{6F60ADFE-BE81-413C-9B1B-56D894E8116B}.Debug|Any CPU.Build.0 = Debug|Any CPU
		{6F60ADFE-BE81-413C-9B1B-56D894E8116B}.Debug|x64.ActiveCfg = Debug|Any CPU
		{6F60ADFE-BE81-413C-9B1B-56D894E8116B}.Debug|x64.Build.0 = Debug|Any CPU
		{6F60ADFE-BE81-413C-9B1B-56D894E8116B}.Debug|x86.ActiveCfg = Debug|Any CPU
		{6F60ADFE-BE81-413C-9B1B-56D894E8116B}.Debug|x86.Build.0 = Debug|Any CPU
		{6F60ADFE-BE81-413C-9B1B-56D894E8116B}.Release|Any CPU.ActiveCfg = Release|Any CPU
		{6F60ADFE-BE81-413C-9B1B-56D894E8116B}.Release|Any CPU.Build.0 = Release|Any CPU
		{6F60ADFE-BE81-413C-9B1B-56D894E8116B}.Release|x64.ActiveCfg = Release|Any CPU
		{6F60ADFE-BE81-413C-9B1B-56D894E8116B}.Release|x64.Build.0 = Release|Any CPU
		{6F60ADFE-BE81-413C-9B1B-56D894E8116B}.Release|x86.ActiveCfg = Release|Any CPU
		{6F60ADFE-BE81-413C-9B1B-56D894E8116B}.Release|x86.Build.0 = Release|Any CPU
	EndGlobalSection
	GlobalSection(SolutionProperties) = preSolution
		HideSolutionNode = FALSE
	EndGlobalSection
	GlobalSection(NestedProjects) = preSolution
		{1F845DC8-43AC-485D-A225-DC89668313EF} = {827E0CD3-B72D-47B6-A68D-7590B98EB39B}
		{603543D7-2F88-4130-A788-4D07BE4C58B7} = {827E0CD3-B72D-47B6-A68D-7590B98EB39B}
		{5E429BA6-6730-4203-9C5E-E7C2FF5D574E} = {07C2787E-EAC7-C090-1BA3-A61EC2A24D84}
		{C23ACEDB-798D-418F-9921-03675737DDB0} = {07C2787E-EAC7-C090-1BA3-A61EC2A24D84}
		{1AAD4666-7238-4F98-AE9B-991277BD6960} = {827E0CD3-B72D-47B6-A68D-7590B98EB39B}
		{85239DF7-1258-4B34-948E-AFD08BE8434E} = {0AB3BF05-4346-4AA6-1389-037BE0695223}
		{D536012A-12DB-4FEF-9A90-0D224F3B9624} = {66320409-64EC-F7C5-3DEF-65E7510DAAD1}
		{99628698-B3EF-4966-AC0A-CA3033C702FB} = {827E0CD3-B72D-47B6-A68D-7590B98EB39B}
		{F0103F52-E703-4763-87CC-D2D959D6F5BF} = {827E0CD3-B72D-47B6-A68D-7590B98EB39B}
		{55D78E0C-44D5-452C-9819-A7776A92A5FA} = {0AB3BF05-4346-4AA6-1389-037BE0695223}
		{73A02D67-DC92-454D-849C-A5F6F8B14B0C} = {827E0CD3-B72D-47B6-A68D-7590B98EB39B}
		{8BA1BB73-96BE-44CC-9564-ACEC05D60232} = {0AB3BF05-4346-4AA6-1389-037BE0695223}
		{9B247902-6859-4C97-8E3C-8125675D146B} = {0AB3BF05-4346-4AA6-1389-037BE0695223}
		{75A2C41F-8BBF-496E-AC37-11774CC3D266} = {827E0CD3-B72D-47B6-A68D-7590B98EB39B}
		{02CF26EF-9ACC-422C-AE81-B20A509D478C} = {827E0CD3-B72D-47B6-A68D-7590B98EB39B}
		{774801C1-7FC0-4AD6-889C-2BB74924F991} = {827E0CD3-B72D-47B6-A68D-7590B98EB39B}
		{865C0342-9E8A-4BEA-8CF7-5BA25BFC69F0} = {0AB3BF05-4346-4AA6-1389-037BE0695223}
		{BC60FAAE-DFAC-4CCF-B1E1-328A1180064E} = {0AB3BF05-4346-4AA6-1389-037BE0695223}
		{F1372DB8-84D5-4491-A0E3-244A782556FF} = {0AB3BF05-4346-4AA6-1389-037BE0695223}
		{FF0E3BAD-FF03-4686-8729-6C037FFBEA46} = {0AB3BF05-4346-4AA6-1389-037BE0695223}
		{178EE512-B8AA-4285-AEFA-6B5E82C5CF1D} = {0AB3BF05-4346-4AA6-1389-037BE0695223}
		{6891D104-E038-4BB6-AE2C-F8511AADB077} = {0AB3BF05-4346-4AA6-1389-037BE0695223}
		{135FCA22-9055-4DA1-92AE-AD3EF71363F0} = {0AB3BF05-4346-4AA6-1389-037BE0695223}
		{57206ED7-0115-406D-A52A-DE6534409CC2} = {0AB3BF05-4346-4AA6-1389-037BE0695223}
		{6F60ADFE-BE81-413C-9B1B-56D894E8116B} = {0AB3BF05-4346-4AA6-1389-037BE0695223}
	EndGlobalSection
EndGlobal
